
Microsoft Visual Studio Solution File, Format Version 12.00
# Visual Studio Version 16
VisualStudioVersion = 16.0.31729.503
MinimumVisualStudioVersion = 10.0.40219.1
Project("{FAE04EC0-301F-11D3-BF4B-00C04F79EFBC}") = "WeatherApp.Android", "WeatherApp\WeatherApp.Android\WeatherApp.Android.csproj", "{6A12F24E-B39B-46A3-8E16-929140000ACA}"
EndProject
Project("{FAE04EC0-301F-11D3-BF4B-00C04F79EFBC}") = "WeatherApp.iOS", "WeatherApp\WeatherApp.iOS\WeatherApp.iOS.csproj", "{5CC30858-B7C3-4A3B-A79F-0B487E78E686}"
EndProject
Project("{FAE04EC0-301F-11D3-BF4B-00C04F79EFBC}") = "WeatherApp", "WeatherApp\WeatherApp\WeatherApp.csproj", "{057C355E-9E18-4107-B9B9-2E723A7737FA}"
EndProject
Global
	GlobalSection(SolutionConfigurationPlatforms) = preSolution
		Debug|Any CPU = Debug|Any CPU
		Debug|iPhone = Debug|iPhone
		Debug|iPhoneSimulator = Debug|iPhoneSimulator
		Release|Any CPU = Release|Any CPU
		Release|iPhone = Release|iPhone
		Release|iPhoneSimulator = Release|iPhoneSimulator
	EndGlobalSection
	GlobalSection(ProjectConfigurationPlatforms) = postSolution
		{6A12F24E-B39B-46A3-8E16-929140000ACA}.Debug|Any CPU.ActiveCfg = Debug|Any CPU
		{6A12F24E-B39B-46A3-8E16-929140000ACA}.Debug|Any CPU.Build.0 = Debug|Any CPU
		{6A12F24E-B39B-46A3-8E16-929140000ACA}.Debug|Any CPU.Deploy.0 = Debug|Any CPU
		{6A12F24E-B39B-46A3-8E16-929140000ACA}.Debug|iPhone.ActiveCfg = Debug|Any CPU
		{6A12F24E-B39B-46A3-8E16-929140000ACA}.Debug|iPhone.Build.0 = Debug|Any CPU
		{6A12F24E-B39B-46A3-8E16-929140000ACA}.Debug|iPhone.Deploy.0 = Debug|Any CPU
		{6A12F24E-B39B-46A3-8E16-929140000ACA}.Debug|iPhoneSimulator.ActiveCfg = Debug|Any CPU
		{6A12F24E-B39B-46A3-8E16-929140000ACA}.Debug|iPhoneSimulator.Build.0 = Debug|Any CPU
		{6A12F24E-B39B-46A3-8E16-929140000ACA}.Debug|iPhoneSimulator.Deploy.0 = Debug|Any CPU
		{6A12F24E-B39B-46A3-8E16-929140000ACA}.Release|Any CPU.ActiveCfg = Release|Any CPU
		{6A12F24E-B39B-46A3-8E16-929140000ACA}.Release|Any CPU.Build.0 = Release|Any CPU
		{6A12F24E-B39B-46A3-8E16-929140000ACA}.Release|Any CPU.Deploy.0 = Release|Any CPU
		{6A12F24E-B39B-46A3-8E16-929140000ACA}.Release|iPhone.ActiveCfg = Release|Any CPU
		{6A12F24E-B39B-46A3-8E16-929140000ACA}.Release|iPhone.Build.0 = Release|Any CPU
		{6A12F24E-B39B-46A3-8E16-929140000ACA}.Release|iPhone.Deploy.0 = Release|Any CPU
		{6A12F24E-B39B-46A3-8E16-929140000ACA}.Release|iPhoneSimulator.ActiveCfg = Release|Any CPU
		{6A12F24E-B39B-46A3-8E16-929140000ACA}.Release|iPhoneSimulator.Build.0 = Release|Any CPU
		{6A12F24E-B39B-46A3-8E16-929140000ACA}.Release|iPhoneSimulator.Deploy.0 = Release|Any CPU
		{5CC30858-B7C3-4A3B-A79F-0B487E78E686}.Debug|Any CPU.ActiveCfg = Debug|iPhone
		{5CC30858-B7C3-4A3B-A79F-0B487E78E686}.Debug|Any CPU.Build.0 = Debug|iPhone
		{5CC30858-B7C3-4A3B-A79F-0B487E78E686}.Debug|Any CPU.Deploy.0 = Debug|iPhone
		{5CC30858-B7C3-4A3B-A79F-0B487E78E686}.Debug|iPhone.ActiveCfg = Debug|iPhone
		{5CC30858-B7C3-4A3B-A79F-0B487E78E686}.Debug|iPhone.Build.0 = Debug|iPhone
		{5CC30858-B7C3-4A3B-A79F-0B487E78E686}.Debug|iPhone.Deploy.0 = Debug|iPhone
		{5CC30858-B7C3-4A3B-A79F-0B487E78E686}.Debug|iPhoneSimulator.ActiveCfg = Debug|iPhoneSimulator
		{5CC30858-B7C3-4A3B-A79F-0B487E78E686}.Debug|iPhoneSimulator.Build.0 = Debug|iPhoneSimulator
		{5CC30858-B7C3-4A3B-A79F-0B487E78E686}.Debug|iPhoneSimulator.Deploy.0 = Debug|iPhoneSimulator
		{5CC30858-B7C3-4A3B-A79F-0B487E78E686}.Release|Any CPU.ActiveCfg = Release|iPhoneSimulator
		{5CC30858-B7C3-4A3B-A79F-0B487E78E686}.Release|Any CPU.Build.0 = Release|iPhoneSimulator
		{5CC30858-B7C3-4A3B-A79F-0B487E78E686}.Release|Any CPU.Deploy.0 = Release|iPhoneSimulator
		{5CC30858-B7C3-4A3B-A79F-0B487E78E686}.Release|iPhone.ActiveCfg = Release|iPhone
		{5CC30858-B7C3-4A3B-A79F-0B487E78E686}.Release|iPhone.Build.0 = Release|iPhone
		{5CC30858-B7C3-4A3B-A79F-0B487E78E686}.Release|iPhone.Deploy.0 = Release|iPhone
		{5CC30858-B7C3-4A3B-A79F-0B487E78E686}.Release|iPhoneSimulator.ActiveCfg = Release|iPhoneSimulator
		{5CC30858-B7C3-4A3B-A79F-0B487E78E686}.Release|iPhoneSimulator.Build.0 = Release|iPhoneSimulator
		{5CC30858-B7C3-4A3B-A79F-0B487E78E686}.Release|iPhoneSimulator.Deploy.0 = Release|iPhoneSimulator
		{057C355E-9E18-4107-B9B9-2E723A7737FA}.Debug|Any CPU.ActiveCfg = Debug|Any CPU
		{057C355E-9E18-4107-B9B9-2E723A7737FA}.Debug|Any CPU.Build.0 = Debug|Any CPU
		{057C355E-9E18-4107-B9B9-2E723A7737FA}.Debug|Any CPU.Deploy.0 = Debug|Any CPU
		{057C355E-9E18-4107-B9B9-2E723A7737FA}.Debug|iPhone.ActiveCfg = Debug|Any CPU
		{057C355E-9E18-4107-B9B9-2E723A7737FA}.Debug|iPhone.Build.0 = Debug|Any CPU
		{057C355E-9E18-4107-B9B9-2E723A7737FA}.Debug|iPhone.Deploy.0 = Debug|Any CPU
		{057C355E-9E18-4107-B9B9-2E723A7737FA}.Debug|iPhoneSimulator.ActiveCfg = Debug|Any CPU
		{057C355E-9E18-4107-B9B9-2E723A7737FA}.Debug|iPhoneSimulator.Build.0 = Debug|Any CPU
		{057C355E-9E18-4107-B9B9-2E723A7737FA}.Debug|iPhoneSimulator.Deploy.0 = Debug|Any CPU
		{057C355E-9E18-4107-B9B9-2E723A7737FA}.Release|Any CPU.ActiveCfg = Release|Any CPU
		{057C355E-9E18-4107-B9B9-2E723A7737FA}.Release|Any CPU.Build.0 = Release|Any CPU
		{057C355E-9E18-4107-B9B9-2E723A7737FA}.Release|Any CPU.Deploy.0 = Release|Any CPU
		{057C355E-9E18-4107-B9B9-2E723A7737FA}.Release|iPhone.ActiveCfg = Release|Any CPU
		{057C355E-9E18-4107-B9B9-2E723A7737FA}.Release|iPhone.Build.0 = Release|Any CPU
		{057C355E-9E18-4107-B9B9-2E723A7737FA}.Release|iPhone.Deploy.0 = Release|Any CPU
		{057C355E-9E18-4107-B9B9-2E723A7737FA}.Release|iPhoneSimulator.ActiveCfg = Release|Any CPU
		{057C355E-9E18-4107-B9B9-2E723A7737FA}.Release|iPhoneSimulator.Build.0 = Release|Any CPU
		{057C355E-9E18-4107-B9B9-2E723A7737FA}.Release|iPhoneSimulator.Deploy.0 = Release|Any CPU
	EndGlobalSection
	GlobalSection(SolutionProperties) = preSolution
		HideSolutionNode = FALSE
	EndGlobalSection
	GlobalSection(ExtensibilityGlobals) = postSolution
		SolutionGuid = {9D293ED0-107A-4D5E-B922-5C5F189D8CB3}
	EndGlobalSection
EndGlobal
